// !$*UTF8*$!
{
	archiveVersion = 1;
	classes = {
	};
	objectVersion = 48;
	objects = {

/* Begin PBXBuildFile section */
		561559DD1FB25A4400823EFC /* CountriesViewModelTests.swift in Sources */ = {isa = PBXBuildFile; fileRef = 561559DC1FB25A4400823EFC /* CountriesViewModelTests.swift */; };
		566A6CDB1FB8F4CE00C64D65 /* ReactiveGreetingViewController.swift in Sources */ = {isa = PBXBuildFile; fileRef = 566A6CDA1FB8F4CE00C64D65 /* ReactiveGreetingViewController.swift */; };
		569D29511FA8E20300DD2432 /* AppDelegate.swift in Sources */ = {isa = PBXBuildFile; fileRef = 569D29501FA8E20300DD2432 /* AppDelegate.swift */; };
		569D29531FA8E20300DD2432 /* CountriesViewController.swift in Sources */ = {isa = PBXBuildFile; fileRef = 569D29521FA8E20300DD2432 /* CountriesViewController.swift */; };
		569D29581FA8E20300DD2432 /* Main.storyboard in Resources */ = {isa = PBXBuildFile; fileRef = 569D29561FA8E20300DD2432 /* Main.storyboard */; };
		569D295A1FA8E20300DD2432 /* Assets.xcassets in Resources */ = {isa = PBXBuildFile; fileRef = 569D29591FA8E20300DD2432 /* Assets.xcassets */; };
		569D295D1FA8E20300DD2432 /* LaunchScreen.storyboard in Resources */ = {isa = PBXBuildFile; fileRef = 569D295B1FA8E20300DD2432 /* LaunchScreen.storyboard */; };
		569D29731FA8E20400DD2432 /* rxswiftpracticeUITests.swift in Sources */ = {isa = PBXBuildFile; fileRef = 569D29721FA8E20400DD2432 /* rxswiftpracticeUITests.swift */; };
		569D29821FA90FFB00DD2432 /* TextTableViewCell.swift in Sources */ = {isa = PBXBuildFile; fileRef = 569D29801FA90FFB00DD2432 /* TextTableViewCell.swift */; };
		569D29831FA90FFB00DD2432 /* TextTableViewCell.xib in Resources */ = {isa = PBXBuildFile; fileRef = 569D29811FA90FFB00DD2432 /* TextTableViewCell.xib */; };
		569D29871FA927A900DD2432 /* CountriesViewModel.swift in Sources */ = {isa = PBXBuildFile; fileRef = 569D29861FA927A900DD2432 /* CountriesViewModel.swift */; };
		569D298B1FA93E6800DD2432 /* countries.txt in Resources */ = {isa = PBXBuildFile; fileRef = 569D298A1FA93E6800DD2432 /* countries.txt */; };
/* End PBXBuildFile section */

/* Begin PBXContainerItemProxy section */
		569D29641FA8E20400DD2432 /* PBXContainerItemProxy */ = {
			isa = PBXContainerItemProxy;
			containerPortal = 569D29451FA8E20300DD2432 /* Project object */;
			proxyType = 1;
			remoteGlobalIDString = 569D294C1FA8E20300DD2432;
			remoteInfo = rxswiftpractice;
		};
		569D296F1FA8E20400DD2432 /* PBXContainerItemProxy */ = {
			isa = PBXContainerItemProxy;
			containerPortal = 569D29451FA8E20300DD2432 /* Project object */;
			proxyType = 1;
			remoteGlobalIDString = 569D294C1FA8E20300DD2432;
			remoteInfo = rxswiftpractice;
		};
/* End PBXContainerItemProxy section */

/* Begin PBXFileReference section */
		561559DC1FB25A4400823EFC /* CountriesViewModelTests.swift */ = {isa = PBXFileReference; lastKnownFileType = sourcecode.swift; path = CountriesViewModelTests.swift; sourceTree = "<group>"; };
		566A6CDA1FB8F4CE00C64D65 /* ReactiveGreetingViewController.swift */ = {isa = PBXFileReference; lastKnownFileType = sourcecode.swift; path = ReactiveGreetingViewController.swift; sourceTree = "<group>"; };
		569D294D1FA8E20300DD2432 /* rxswiftpractice.app */ = {isa = PBXFileReference; explicitFileType = wrapper.application; includeInIndex = 0; path = rxswiftpractice.app; sourceTree = BUILT_PRODUCTS_DIR; };
		569D29501FA8E20300DD2432 /* AppDelegate.swift */ = {isa = PBXFileReference; lastKnownFileType = sourcecode.swift; path = AppDelegate.swift; sourceTree = "<group>"; };
		569D29521FA8E20300DD2432 /* CountriesViewController.swift */ = {isa = PBXFileReference; lastKnownFileType = sourcecode.swift; path = CountriesViewController.swift; sourceTree = "<group>"; };
		569D29571FA8E20300DD2432 /* Base */ = {isa = PBXFileReference; lastKnownFileType = file.storyboard; name = Base; path = Base.lproj/Main.storyboard; sourceTree = "<group>"; };
		569D29591FA8E20300DD2432 /* Assets.xcassets */ = {isa = PBXFileReference; lastKnownFileType = folder.assetcatalog; path = Assets.xcassets; sourceTree = "<group>"; };
		569D295C1FA8E20300DD2432 /* Base */ = {isa = PBXFileReference; lastKnownFileType = file.storyboard; name = Base; path = Base.lproj/LaunchScreen.storyboard; sourceTree = "<group>"; };
		569D295E1FA8E20300DD2432 /* Info.plist */ = {isa = PBXFileReference; lastKnownFileType = text.plist.xml; path = Info.plist; sourceTree = "<group>"; };
		569D29631FA8E20400DD2432 /* rxswiftpracticeTests.xctest */ = {isa = PBXFileReference; explicitFileType = wrapper.cfbundle; includeInIndex = 0; path = rxswiftpracticeTests.xctest; sourceTree = BUILT_PRODUCTS_DIR; };
		569D29691FA8E20400DD2432 /* Info.plist */ = {isa = PBXFileReference; lastKnownFileType = text.plist.xml; path = Info.plist; sourceTree = "<group>"; };
		569D296E1FA8E20400DD2432 /* rxswiftpracticeUITests.xctest */ = {isa = PBXFileReference; explicitFileType = wrapper.cfbundle; includeInIndex = 0; path = rxswiftpracticeUITests.xctest; sourceTree = BUILT_PRODUCTS_DIR; };
		569D29721FA8E20400DD2432 /* rxswiftpracticeUITests.swift */ = {isa = PBXFileReference; lastKnownFileType = sourcecode.swift; path = rxswiftpracticeUITests.swift; sourceTree = "<group>"; };
		569D29741FA8E20400DD2432 /* Info.plist */ = {isa = PBXFileReference; lastKnownFileType = text.plist.xml; path = Info.plist; sourceTree = "<group>"; };
		569D29801FA90FFB00DD2432 /* TextTableViewCell.swift */ = {isa = PBXFileReference; lastKnownFileType = sourcecode.swift; path = TextTableViewCell.swift; sourceTree = "<group>"; };
		569D29811FA90FFB00DD2432 /* TextTableViewCell.xib */ = {isa = PBXFileReference; lastKnownFileType = file.xib; path = TextTableViewCell.xib; sourceTree = "<group>"; };
		569D29861FA927A900DD2432 /* CountriesViewModel.swift */ = {isa = PBXFileReference; lastKnownFileType = sourcecode.swift; path = CountriesViewModel.swift; sourceTree = "<group>"; };
		569D298A1FA93E6800DD2432 /* countries.txt */ = {isa = PBXFileReference; fileEncoding = 4; lastKnownFileType = text; path = countries.txt; sourceTree = "<group>"; };
/* End PBXFileReference section */

/* Begin PBXFrameworksBuildPhase section */
		569D294A1FA8E20300DD2432 /* Frameworks */ = {
			isa = PBXFrameworksBuildPhase;
			buildActionMask = 2147483647;
			files = (
			);
			runOnlyForDeploymentPostprocessing = 0;
		};
		569D29601FA8E20400DD2432 /* Frameworks */ = {
			isa = PBXFrameworksBuildPhase;
			buildActionMask = 2147483647;
			files = (
			);
			runOnlyForDeploymentPostprocessing = 0;
		};
		569D296B1FA8E20400DD2432 /* Frameworks */ = {
			isa = PBXFrameworksBuildPhase;
			buildActionMask = 2147483647;
			files = (
			);
			runOnlyForDeploymentPostprocessing = 0;
		};
/* End PBXFrameworksBuildPhase section */

/* Begin PBXGroup section */
		561559D71FB253EA00823EFC /* View */ = {
			isa = PBXGroup;
			children = (
				569D29521FA8E20300DD2432 /* CountriesViewController.swift */,
				566A6CDA1FB8F4CE00C64D65 /* ReactiveGreetingViewController.swift */,
			);
			path = View;
			sourceTree = "<group>";
		};
		561559D81FB253F900823EFC /* ViewModel */ = {
			isa = PBXGroup;
			children = (
				569D29861FA927A900DD2432 /* CountriesViewModel.swift */,
			);
			path = ViewModel;
			sourceTree = "<group>";
		};
		561559DA1FB2541B00823EFC /* Model */ = {
			isa = PBXGroup;
			children = (
			);
			path = Model;
			sourceTree = "<group>";
		};
		561559DB1FB2543900823EFC /* User Interface */ = {
			isa = PBXGroup;
			children = (
				569D29801FA90FFB00DD2432 /* TextTableViewCell.swift */,
				569D29811FA90FFB00DD2432 /* TextTableViewCell.xib */,
			);
			path = "User Interface";
			sourceTree = "<group>";
		};
		569D29441FA8E20300DD2432 = {
			isa = PBXGroup;
			children = (
				569D294F1FA8E20300DD2432 /* rxswiftpractice */,
				569D29661FA8E20400DD2432 /* rxswiftpracticeTests */,
				569D29711FA8E20400DD2432 /* rxswiftpracticeUITests */,
				569D294E1FA8E20300DD2432 /* Products */,
			);
			sourceTree = "<group>";
		};
		569D294E1FA8E20300DD2432 /* Products */ = {
			isa = PBXGroup;
			children = (
				569D294D1FA8E20300DD2432 /* rxswiftpractice.app */,
				569D29631FA8E20400DD2432 /* rxswiftpracticeTests.xctest */,
				569D296E1FA8E20400DD2432 /* rxswiftpracticeUITests.xctest */,
			);
			name = Products;
			sourceTree = "<group>";
		};
		569D294F1FA8E20300DD2432 /* rxswiftpractice */ = {
			isa = PBXGroup;
			children = (
				561559DB1FB2543900823EFC /* User Interface */,
				561559DA1FB2541B00823EFC /* Model */,
				561559D81FB253F900823EFC /* ViewModel */,
				561559D71FB253EA00823EFC /* View */,
				569D29501FA8E20300DD2432 /* AppDelegate.swift */,
				569D29561FA8E20300DD2432 /* Main.storyboard */,
				569D29591FA8E20300DD2432 /* Assets.xcassets */,
				569D295B1FA8E20300DD2432 /* LaunchScreen.storyboard */,
				569D295E1FA8E20300DD2432 /* Info.plist */,
				569D298A1FA93E6800DD2432 /* countries.txt */,
			);
			path = rxswiftpractice;
			sourceTree = "<group>";
		};
		569D29661FA8E20400DD2432 /* rxswiftpracticeTests */ = {
			isa = PBXGroup;
			children = (
				569D29691FA8E20400DD2432 /* Info.plist */,
				561559DC1FB25A4400823EFC /* CountriesViewModelTests.swift */,
			);
			path = rxswiftpracticeTests;
			sourceTree = "<group>";
		};
		569D29711FA8E20400DD2432 /* rxswiftpracticeUITests */ = {
			isa = PBXGroup;
			children = (
				569D29721FA8E20400DD2432 /* rxswiftpracticeUITests.swift */,
				569D29741FA8E20400DD2432 /* Info.plist */,
			);
			path = rxswiftpracticeUITests;
			sourceTree = "<group>";
		};
/* End PBXGroup section */

/* Begin PBXNativeTarget section */
		569D294C1FA8E20300DD2432 /* rxswiftpractice */ = {
			isa = PBXNativeTarget;
			buildConfigurationList = 569D29771FA8E20400DD2432 /* Build configuration list for PBXNativeTarget "rxswiftpractice" */;
			buildPhases = (
				569D29491FA8E20300DD2432 /* Sources */,
				569D294A1FA8E20300DD2432 /* Frameworks */,
				569D294B1FA8E20300DD2432 /* Resources */,
			);
			buildRules = (
			);
			dependencies = (
			);
			name = rxswiftpractice;
			productName = rxswiftpractice;
			productReference = 569D294D1FA8E20300DD2432 /* rxswiftpractice.app */;
			productType = "com.apple.product-type.application";
		};
		569D29621FA8E20400DD2432 /* rxswiftpracticeTests */ = {
			isa = PBXNativeTarget;
			buildConfigurationList = 569D297A1FA8E20400DD2432 /* Build configuration list for PBXNativeTarget "rxswiftpracticeTests" */;
			buildPhases = (
				569D295F1FA8E20400DD2432 /* Sources */,
				569D29601FA8E20400DD2432 /* Frameworks */,
				569D29611FA8E20400DD2432 /* Resources */,
			);
			buildRules = (
			);
			dependencies = (
				569D29651FA8E20400DD2432 /* PBXTargetDependency */,
			);
			name = rxswiftpracticeTests;
			productName = rxswiftpracticeTests;
			productReference = 569D29631FA8E20400DD2432 /* rxswiftpracticeTests.xctest */;
			productType = "com.apple.product-type.bundle.unit-test";
		};
		569D296D1FA8E20400DD2432 /* rxswiftpracticeUITests */ = {
			isa = PBXNativeTarget;
			buildConfigurationList = 569D297D1FA8E20400DD2432 /* Build configuration list for PBXNativeTarget "rxswiftpracticeUITests" */;
			buildPhases = (
				569D296A1FA8E20400DD2432 /* Sources */,
				569D296B1FA8E20400DD2432 /* Frameworks */,
				569D296C1FA8E20400DD2432 /* Resources */,
			);
			buildRules = (
			);
			dependencies = (
				569D29701FA8E20400DD2432 /* PBXTargetDependency */,
			);
			name = rxswiftpracticeUITests;
			productName = rxswiftpracticeUITests;
			productReference = 569D296E1FA8E20400DD2432 /* rxswiftpracticeUITests.xctest */;
			productType = "com.apple.product-type.bundle.ui-testing";
		};
/* End PBXNativeTarget section */

/* Begin PBXProject section */
		569D29451FA8E20300DD2432 /* Project object */ = {
			isa = PBXProject;
			attributes = {
				LastSwiftUpdateCheck = 0900;
				LastUpgradeCheck = 1250;
				ORGANIZATIONNAME = "Daniel No";
				TargetAttributes = {
					569D294C1FA8E20300DD2432 = {
						CreatedOnToolsVersion = 9.0.1;
						ProvisioningStyle = Automatic;
					};
					569D29621FA8E20400DD2432 = {
						CreatedOnToolsVersion = 9.0.1;
						ProvisioningStyle = Automatic;
						TestTargetID = 569D294C1FA8E20300DD2432;
					};
					569D296D1FA8E20400DD2432 = {
						CreatedOnToolsVersion = 9.0.1;
						ProvisioningStyle = Automatic;
						TestTargetID = 569D294C1FA8E20300DD2432;
					};
				};
			};
			buildConfigurationList = 569D29481FA8E20300DD2432 /* Build configuration list for PBXProject "rxswiftpractice" */;
			compatibilityVersion = "Xcode 8.0";
			developmentRegion = en;
			hasScannedForEncodings = 0;
			knownRegions = (
				en,
				Base,
			);
			mainGroup = 569D29441FA8E20300DD2432;
			productRefGroup = 569D294E1FA8E20300DD2432 /* Products */;
			projectDirPath = "";
			projectRoot = "";
			targets = (
				569D294C1FA8E20300DD2432 /* rxswiftpractice */,
				569D29621FA8E20400DD2432 /* rxswiftpracticeTests */,
				569D296D1FA8E20400DD2432 /* rxswiftpracticeUITests */,
			);
		};
/* End PBXProject section */

/* Begin PBXResourcesBuildPhase section */
		569D294B1FA8E20300DD2432 /* Resources */ = {
			isa = PBXResourcesBuildPhase;
			buildActionMask = 2147483647;
			files = (
				569D295D1FA8E20300DD2432 /* LaunchScreen.storyboard in Resources */,
				569D295A1FA8E20300DD2432 /* Assets.xcassets in Resources */,
				569D29831FA90FFB00DD2432 /* TextTableViewCell.xib in Resources */,
				569D298B1FA93E6800DD2432 /* countries.txt in Resources */,
				569D29581FA8E20300DD2432 /* Main.storyboard in Resources */,
			);
			runOnlyForDeploymentPostprocessing = 0;
		};
		569D29611FA8E20400DD2432 /* Resources */ = {
			isa = PBXResourcesBuildPhase;
			buildActionMask = 2147483647;
			files = (
			);
			runOnlyForDeploymentPostprocessing = 0;
		};
		569D296C1FA8E20400DD2432 /* Resources */ = {
			isa = PBXResourcesBuildPhase;
			buildActionMask = 2147483647;
			files = (
			);
			runOnlyForDeploymentPostprocessing = 0;
		};
/* End PBXResourcesBuildPhase section */

/* Begin PBXSourcesBuildPhase section */
		569D29491FA8E20300DD2432 /* Sources */ = {
			isa = PBXSourcesBuildPhase;
			buildActionMask = 2147483647;
			files = (
				566A6CDB1FB8F4CE00C64D65 /* ReactiveGreetingViewController.swift in Sources */,
				569D29871FA927A900DD2432 /* CountriesViewModel.swift in Sources */,
				569D29511FA8E20300DD2432 /* AppDelegate.swift in Sources */,
				569D29821FA90FFB00DD2432 /* TextTableViewCell.swift in Sources */,
				569D29531FA8E20300DD2432 /* CountriesViewController.swift in Sources */,
			);
			runOnlyForDeploymentPostprocessing = 0;
		};
		569D295F1FA8E20400DD2432 /* Sources */ = {
			isa = PBXSourcesBuildPhase;
			buildActionMask = 2147483647;
			files = (
				561559DD1FB25A4400823EFC /* CountriesViewModelTests.swift in Sources */,
			);
			runOnlyForDeploymentPostprocessing = 0;
		};
		569D296A1FA8E20400DD2432 /* Sources */ = {
			isa = PBXSourcesBuildPhase;
			buildActionMask = 2147483647;
			files = (
				569D29731FA8E20400DD2432 /* rxswiftpracticeUITests.swift in Sources */,
			);
			runOnlyForDeploymentPostprocessing = 0;
		};
/* End PBXSourcesBuildPhase section */

/* Begin PBXTargetDependency section */
		569D29651FA8E20400DD2432 /* PBXTargetDependency */ = {
			isa = PBXTargetDependency;
			target = 569D294C1FA8E20300DD2432 /* rxswiftpractice */;
			targetProxy = 569D29641FA8E20400DD2432 /* PBXContainerItemProxy */;
		};
		569D29701FA8E20400DD2432 /* PBXTargetDependency */ = {
			isa = PBXTargetDependency;
			target = 569D294C1FA8E20300DD2432 /* rxswiftpractice */;
			targetProxy = 569D296F1FA8E20400DD2432 /* PBXContainerItemProxy */;
		};
/* End PBXTargetDependency section */

/* Begin PBXVariantGroup section */
		569D29561FA8E20300DD2432 /* Main.storyboard */ = {
			isa = PBXVariantGroup;
			children = (
				569D29571FA8E20300DD2432 /* Base */,
			);
			name = Main.storyboard;
			sourceTree = "<group>";
		};
		569D295B1FA8E20300DD2432 /* LaunchScreen.storyboard */ = {
			isa = PBXVariantGroup;
			children = (
				569D295C1FA8E20300DD2432 /* Base */,
			);
			name = LaunchScreen.storyboard;
			sourceTree = "<group>";
		};
/* End PBXVariantGroup section */

/* Begin XCBuildConfiguration section */
		569D29751FA8E20400DD2432 /* Debug */ = {
			isa = XCBuildConfiguration;
			buildSettings = {
				ALWAYS_SEARCH_USER_PATHS = NO;
				CLANG_ANALYZER_NONNULL = YES;
				CLANG_ANALYZER_NUMBER_OBJECT_CONVERSION = YES_AGGRESSIVE;
				CLANG_CXX_LANGUAGE_STANDARD = "gnu++14";
				CLANG_CXX_LIBRARY = "libc++";
				CLANG_ENABLE_MODULES = YES;
				CLANG_ENABLE_OBJC_ARC = YES;
				CLANG_WARN_BLOCK_CAPTURE_AUTORELEASING = YES;
				CLANG_WARN_BOOL_CONVERSION = YES;
				CLANG_WARN_COMMA = YES;
				CLANG_WARN_CONSTANT_CONVERSION = YES;
				CLANG_WARN_DEPRECATED_OBJC_IMPLEMENTATIONS = YES;
				CLANG_WARN_DIRECT_OBJC_ISA_USAGE = YES_ERROR;
				CLANG_WARN_DOCUMENTATION_COMMENTS = YES;
				CLANG_WARN_EMPTY_BODY = YES;
				CLANG_WARN_ENUM_CONVERSION = YES;
				CLANG_WARN_INFINITE_RECURSION = YES;
				CLANG_WARN_INT_CONVERSION = YES;
				CLANG_WARN_NON_LITERAL_NULL_CONVERSION = YES;
				CLANG_WARN_OBJC_IMPLICIT_RETAIN_SELF = YES;
				CLANG_WARN_OBJC_LITERAL_CONVERSION = YES;
				CLANG_WARN_OBJC_ROOT_CLASS = YES_ERROR;
				CLANG_WARN_QUOTED_INCLUDE_IN_FRAMEWORK_HEADER = YES;
				CLANG_WARN_RANGE_LOOP_ANALYSIS = YES;
				CLANG_WARN_STRICT_PROTOTYPES = YES;
				CLANG_WARN_SUSPICIOUS_MOVE = YES;
				CLANG_WARN_UNGUARDED_AVAILABILITY = YES_AGGRESSIVE;
				CLANG_WARN_UNREACHABLE_CODE = YES;
				CLANG_WARN__DUPLICATE_METHOD_MATCH = YES;
				CODE_SIGN_IDENTITY = "iPhone Developer";
				COPY_PHASE_STRIP = NO;
				DEBUG_INFORMATION_FORMAT = dwarf;
				ENABLE_STRICT_OBJC_MSGSEND = YES;
				ENABLE_TESTABILITY = YES;
				GCC_C_LANGUAGE_STANDARD = gnu11;
				GCC_DYNAMIC_NO_PIC = NO;
				GCC_NO_COMMON_BLOCKS = YES;
				GCC_OPTIMIZATION_LEVEL = 0;
				GCC_PREPROCESSOR_DEFINITIONS = (
					"DEBUG=1",
					"$(inherited)",
				);
				GCC_WARN_64_TO_32_BIT_CONVERSION = YES;
				GCC_WARN_ABOUT_RETURN_TYPE = YES_ERROR;
				GCC_WARN_UNDECLARED_SELECTOR = YES;
				GCC_WARN_UNINITIALIZED_AUTOS = YES_AGGRESSIVE;
				GCC_WARN_UNUSED_FUNCTION = YES;
				GCC_WARN_UNUSED_VARIABLE = YES;
				IPHONEOS_DEPLOYMENT_TARGET = 12.0;
				MTL_ENABLE_DEBUG_INFO = YES;
				ONLY_ACTIVE_ARCH = YES;
				SDKROOT = iphoneos;
				SWIFT_ACTIVE_COMPILATION_CONDITIONS = DEBUG;
				SWIFT_OPTIMIZATION_LEVEL = "-Onone";
			};
			name = Debug;
		};
		569D29761FA8E20400DD2432 /* Release */ = {
			isa = XCBuildConfiguration;
			buildSettings = {
				ALWAYS_SEARCH_USER_PATHS = NO;
				CLANG_ANALYZER_NONNULL = YES;
				CLANG_ANALYZER_NUMBER_OBJECT_CONVERSION = YES_AGGRESSIVE;
				CLANG_CXX_LANGUAGE_STANDARD = "gnu++14";
				CLANG_CXX_LIBRARY = "libc++";
				CLANG_ENABLE_MODULES = YES;
				CLANG_ENABLE_OBJC_ARC = YES;
				CLANG_WARN_BLOCK_CAPTURE_AUTORELEASING = YES;
				CLANG_WARN_BOOL_CONVERSION = YES;
				CLANG_WARN_COMMA = YES;
				CLANG_WARN_CONSTANT_CONVERSION = YES;
				CLANG_WARN_DEPRECATED_OBJC_IMPLEMENTATIONS = YES;
				CLANG_WARN_DIRECT_OBJC_ISA_USAGE = YES_ERROR;
				CLANG_WARN_DOCUMENTATION_COMMENTS = YES;
				CLANG_WARN_EMPTY_BODY = YES;
				CLANG_WARN_ENUM_CONVERSION = YES;
				CLANG_WARN_INFINITE_RECURSION = YES;
				CLANG_WARN_INT_CONVERSION = YES;
				CLANG_WARN_NON_LITERAL_NULL_CONVERSION = YES;
				CLANG_WARN_OBJC_IMPLICIT_RETAIN_SELF = YES;
				CLANG_WARN_OBJC_LITERAL_CONVERSION = YES;
				CLANG_WARN_OBJC_ROOT_CLASS = YES_ERROR;
				CLANG_WARN_QUOTED_INCLUDE_IN_FRAMEWORK_HEADER = YES;
				CLANG_WARN_RANGE_LOOP_ANALYSIS = YES;
				CLANG_WARN_STRICT_PROTOTYPES = YES;
				CLANG_WARN_SUSPICIOUS_MOVE = YES;
				CLANG_WARN_UNGUARDED_AVAILABILITY = YES_AGGRESSIVE;
				CLANG_WARN_UNREACHABLE_CODE = YES;
				CLANG_WARN__DUPLICATE_METHOD_MATCH = YES;
				CODE_SIGN_IDENTITY = "iPhone Developer";
				COPY_PHASE_STRIP = NO;
				DEBUG_INFORMATION_FORMAT = "dwarf-with-dsym";
				ENABLE_NS_ASSERTIONS = NO;
				ENABLE_STRICT_OBJC_MSGSEND = YES;
				GCC_C_LANGUAGE_STANDARD = gnu11;
				GCC_NO_COMMON_BLOCKS = YES;
				GCC_WARN_64_TO_32_BIT_CONVERSION = YES;
				GCC_WARN_ABOUT_RETURN_TYPE = YES_ERROR;
				GCC_WARN_UNDECLARED_SELECTOR = YES;
				GCC_WARN_UNINITIALIZED_AUTOS = YES_AGGRESSIVE;
				GCC_WARN_UNUSED_FUNCTION = YES;
				GCC_WARN_UNUSED_VARIABLE = YES;
				IPHONEOS_DEPLOYMENT_TARGET = 12.0;
				MTL_ENABLE_DEBUG_INFO = NO;
				SDKROOT = iphoneos;
				SWIFT_OPTIMIZATION_LEVEL = "-Owholemodule";
				VALIDATE_PRODUCT = YES;
			};
			name = Release;
		};
		569D29781FA8E20400DD2432 /* Debug */ = {
			isa = XCBuildConfiguration;
			buildSettings = {
				ASSETCATALOG_COMPILER_APPICON_NAME = AppIcon;
				CODE_SIGN_STYLE = Automatic;
				INFOPLIST_FILE = rxswiftpractice/Info.plist;
				LD_RUNPATH_SEARCH_PATHS = "$(inherited) @executable_path/Frameworks";
				PRODUCT_BUNDLE_IDENTIFIER = dno.rxswiftpractice;
				PRODUCT_NAME = "$(TARGET_NAME)";
				SWIFT_VERSION = 4.0;
				TARGETED_DEVICE_FAMILY = "1,2";
			};
			name = Debug;
		};
		569D29791FA8E20400DD2432 /* Release */ = {
			isa = XCBuildConfiguration;
			buildSettings = {
				ASSETCATALOG_COMPILER_APPICON_NAME = AppIcon;
				CODE_SIGN_STYLE = Automatic;
				INFOPLIST_FILE = rxswiftpractice/Info.plist;
				LD_RUNPATH_SEARCH_PATHS = "$(inherited) @executable_path/Frameworks";
				PRODUCT_BUNDLE_IDENTIFIER = dno.rxswiftpractice;
				PRODUCT_NAME = "$(TARGET_NAME)";
				SWIFT_VERSION = 4.0;
				TARGETED_DEVICE_FAMILY = "1,2";
			};
			name = Release;
		};
		569D297B1FA8E20400DD2432 /* Debug */ = {
			isa = XCBuildConfiguration;
			buildSettings = {
				ALWAYS_EMBED_SWIFT_STANDARD_LIBRARIES = YES;
				BUNDLE_LOADER = "$(TEST_HOST)";
				CODE_SIGN_STYLE = Automatic;
				INFOPLIST_FILE = rxswiftpracticeTests/Info.plist;
				LD_RUNPATH_SEARCH_PATHS = "$(inherited) @executable_path/Frameworks @loader_path/Frameworks";
				PRODUCT_BUNDLE_IDENTIFIER = dno.rxswiftpracticeTests;
				PRODUCT_NAME = "$(TARGET_NAME)";
				SWIFT_VERSION = 4.0;
				TARGETED_DEVICE_FAMILY = "1,2";
				TEST_HOST = "$(BUILT_PRODUCTS_DIR)/rxswiftpractice.app/rxswiftpractice";
			};
			name = Debug;
		};
		569D297C1FA8E20400DD2432 /* Release */ = {
			isa = XCBuildConfiguration;
			buildSettings = {
				ALWAYS_EMBED_SWIFT_STANDARD_LIBRARIES = YES;
				BUNDLE_LOADER = "$(TEST_HOST)";
				CODE_SIGN_STYLE = Automatic;
				INFOPLIST_FILE = rxswiftpracticeTests/Info.plist;
				LD_RUNPATH_SEARCH_PATHS = "$(inherited) @executable_path/Frameworks @loader_path/Frameworks";
				PRODUCT_BUNDLE_IDENTIFIER = dno.rxswiftpracticeTests;
				PRODUCT_NAME = "$(TARGET_NAME)";
				SWIFT_VERSION = 4.0;
				TARGETED_DEVICE_FAMILY = "1,2";
				TEST_HOST = "$(BUILT_PRODUCTS_DIR)/rxswiftpractice.app/rxswiftpractice";
			};
			name = Release;
		};
		569D297E1FA8E20400DD2432 /* Debug */ = {
			isa = XCBuildConfiguration;
			buildSettings = {
				ALWAYS_EMBED_SWIFT_STANDARD_LIBRARIES = YES;
				CODE_SIGN_STYLE = Automatic;
				INFOPLIST_FILE = rxswiftpracticeUITests/Info.plist;
				LD_RUNPATH_SEARCH_PATHS = "$(inherited) @executable_path/Frameworks @loader_path/Frameworks";
				PRODUCT_BUNDLE_IDENTIFIER = dno.rxswiftpracticeUITests;
				PRODUCT_NAME = "$(TARGET_NAME)";
				SWIFT_VERSION = 4.0;
				TARGETED_DEVICE_FAMILY = "1,2";
				TEST_TARGET_NAME = rxswiftpractice;
			};
			name = Debug;
		};
		569D297F1FA8E20400DD2432 /* Release */ = {
			isa = XCBuildConfiguration;
			buildSettings = {
				ALWAYS_EMBED_SWIFT_STANDARD_LIBRARIES = YES;
				CODE_SIGN_STYLE = Automatic;
				INFOPLIST_FILE = rxswiftpracticeUITests/Info.plist;
				LD_RUNPATH_SEARCH_PATHS = "$(inherited) @executable_path/Frameworks @loader_path/Frameworks";
				PRODUCT_BUNDLE_IDENTIFIER = dno.rxswiftpracticeUITests;
				PRODUCT_NAME = "$(TARGET_NAME)";
				SWIFT_VERSION = 4.0;
				TARGETED_DEVICE_FAMILY = "1,2";
				TEST_TARGET_NAME = rxswiftpractice;
			};
			name = Release;
		};
/* End XCBuildConfiguration section */

/* Begin XCConfigurationList section */
		569D29481FA8E20300DD2432 /* Build configuration list for PBXProject "rxswiftpractice" */ = {
			isa = XCConfigurationList;
			buildConfigurations = (
				569D29751FA8E20400DD2432 /* Debug */,
				569D29761FA8E20400DD2432 /* Release */,
			);
			defaultConfigurationIsVisible = 0;
			defaultConfigurationName = Release;
		};
		569D29771FA8E20400DD2432 /* Build configuration list for PBXNativeTarget "rxswiftpractice" */ = {
			isa = XCConfigurationList;
			buildConfigurations = (
				569D29781FA8E20400DD2432 /* Debug */,
				569D29791FA8E20400DD2432 /* Release */,
			);
			defaultConfigurationIsVisible = 0;
			defaultConfigurationName = Release;
		};
		569D297A1FA8E20400DD2432 /* Build configuration list for PBXNativeTarget "rxswiftpracticeTests" */ = {
			isa = XCConfigurationList;
			buildConfigurations = (
				569D297B1FA8E20400DD2432 /* Debug */,
				569D297C1FA8E20400DD2432 /* Release */,
			);
			defaultConfigurationIsVisible = 0;
			defaultConfigurationName = Release;
		};
		569D297D1FA8E20400DD2432 /* Build configuration list for PBXNativeTarget "rxswiftpracticeUITests" */ = {
			isa = XCConfigurationList;
			buildConfigurations = (
				569D297E1FA8E20400DD2432 /* Debug */,
				569D297F1FA8E20400DD2432 /* Release */,
			);
			defaultConfigurationIsVisible = 0;
			defaultConfigurationName = Release;
		};
/* End XCConfigurationList section */
	};
	rootObject = 569D29451FA8E20300DD2432 /* Project object */;
}
